
Microsoft Visual Studio Solution File, Format Version 12.00
# Visual Studio Version 17
VisualStudioVersion = 17.0.31912.275
MinimumVisualStudioVersion = 10.0.40219.1
Project("{FAE04EC0-301F-11D3-BF4B-00C04F79EFBC}") = "ASP", "ASP\ASP.csproj", "{573F1625-4B2C-45D5-904E-AF9002CBCA49}"
EndProject
Global
	GlobalSection(SolutionConfigurationPlatforms) = preSolution
		Debug|Any CPU = Debug|Any CPU
		Release|Any CPU = Release|Any CPU
	EndGlobalSection
	GlobalSection(ProjectConfigurationPlatforms) = postSolution
		{573F1625-4B2C-45D5-904E-AF9002CBCA49}.Debug|Any CPU.ActiveCfg = Debug|Any CPU
		{573F1625-4B2C-45D5-904E-AF9002CBCA49}.Debug|Any CPU.Build.0 = Debug|Any CPU
		{573F1625-4B2C-45D5-904E-AF9002CBCA49}.Release|Any CPU.ActiveCfg = Release|Any CPU
		{573F1625-4B2C-45D5-904E-AF9002CBCA49}.Release|Any CPU.Build.0 = Release|Any CPU
	EndGlobalSection
	GlobalSection(SolutionProperties) = preSolution
		HideSolutionNode = FALSE
	EndGlobalSection
	GlobalSection(ExtensibilityGlobals) = postSolution
		SolutionGuid = {7DCC66F8-02CF-4E16-AEB8-E90FFF76F6E4}
	EndGlobalSection
EndGlobal
